
Microsoft Visual Studio Solution File, Format Version 12.00
# Visual Studio Version 16
VisualStudioVersion = 16.0.31729.503
MinimumVisualStudioVersion = 10.0.40219.1
Project("{FAE04EC0-301F-11D3-BF4B-00C04F79EFBC}") = "IndoorLocation", "IndoorLocation\IndoorLocation.csproj", "{5266BEF9-18BD-4C24-897B-56EF76200349}"
EndProject
Global
	GlobalSection(SolutionConfigurationPlatforms) = preSolution
		Debug|Any CPU = Debug|Any CPU
		Release|Any CPU = Release|Any CPU
	EndGlobalSection
	GlobalSection(ProjectConfigurationPlatforms) = postSolution
		{5266BEF9-18BD-4C24-897B-56EF76200349}.Debug|Any CPU.ActiveCfg = Debug|Any CPU
		{5266BEF9-18BD-4C24-897B-56EF76200349}.Debug|Any CPU.Build.0 = Debug|Any CPU
		{5266BEF9-18BD-4C24-897B-56EF76200349}.Release|Any CPU.ActiveCfg = Release|Any CPU
		{5266BEF9-18BD-4C24-897B-56EF76200349}.Release|Any CPU.Build.0 = Release|Any CPU
	EndGlobalSection
	GlobalSection(SolutionProperties) = preSolution
		HideSolutionNode = FALSE
	EndGlobalSection
	GlobalSection(ExtensibilityGlobals) = postSolution
		SolutionGuid = {6BEF99AD-A517-4FB9-B71C-F13AB3D99D82}
	EndGlobalSection
EndGlobal
